
Microsoft Visual Studio Solution File, Format Version 12.00
# Visual Studio Version 17
VisualStudioVersion = 17.11.35303.130
MinimumVisualStudioVersion = 10.0.40219.1
Project("{FAE04EC0-301F-11D3-BF4B-00C04F79EFBC}") = "20241015", "20241015.csproj", "{5D9CC3B2-A529-49AB-9C75-C63AAE7487BF}"
EndProject
Global
	GlobalSection(SolutionConfigurationPlatforms) = preSolution
		Debug|Any CPU = Debug|Any CPU
		Release|Any CPU = Release|Any CPU
	EndGlobalSection
	GlobalSection(ProjectConfigurationPlatforms) = postSolution
		{5D9CC3B2-A529-49AB-9C75-C63AAE7487BF}.Debug|Any CPU.ActiveCfg = Debug|Any CPU
		{5D9CC3B2-A529-49AB-9C75-C63AAE7487BF}.Debug|Any CPU.Build.0 = Debug|Any CPU
		{5D9CC3B2-A529-49AB-9C75-C63AAE7487BF}.Release|Any CPU.ActiveCfg = Release|Any CPU
		{5D9CC3B2-A529-49AB-9C75-C63AAE7487BF}.Release|Any CPU.Build.0 = Release|Any CPU
	EndGlobalSection
	GlobalSection(SolutionProperties) = preSolution
		HideSolutionNode = FALSE
	EndGlobalSection
	GlobalSection(ExtensibilityGlobals) = postSolution
		SolutionGuid = {E9645187-E573-4561-811E-0FD685B19379}
	EndGlobalSection
EndGlobal
